{
  "object": {
    "pins": [
      {
        "package": "GrandTime",
        "repositoryURL": "https://github.com/DuckDeck/GrandTime",
        "state": {
          "branch": null,
          "revision": "17d09d446773036e24bc6a9227a8c2d111cffa8a",
          "version": "2.0.0"
        }
      },
      {
        "package": "Kingfisher",
        "repositoryURL": "https://github.com.cnpmjs.org/onevcat/Kingfisher",
        "state": {
          "branch": null,
          "revision": "0efb20f022501327f4028aa9bf7cd4a0d390bea0",
          "version": "5.15.2"
        }
      },
      {
        "package": "KRActivityIndicatorView",
        "repositoryURL": "https://github.com/krimpedance/KRActivityIndicatorView.git",
        "state": {
          "branch": null,
          "revision": "0a0ae6bc05647f414a7bfc53ffeaf6248aad29dd",
          "version": "3.0.5"
        }
      },
      {
        "package": "KRProgressHUD",
        "repositoryURL": "https://github.com.cnpmjs.org/krimpedance/KRProgressHUD",
        "state": {
          "branch": null,
          "revision": "05be7ebafca7e4068e14e9381ec56ab6201ee857",
          "version": "3.4.5"
        }
      },
      {
        "package": "SnapKit",
        "repositoryURL": "https://github.com/SnapKit/SnapKit",
        "state": {
          "branch": null,
          "revision": "d458564516e5676af9c70b4f4b2a9178294f1bc6",
          "version": "5.0.1"
        }
      },
      {
        "package": "ViewChaos",
        "repositoryURL": "https://github.com/DuckDeck/ViewChaos",
        "state": {
          "branch": null,
          "revision": "e52d72d42a2ff52fa911b47e4bd8281b5b3fd6c4",
          "version": "2.1.1"
        }
      }
    ]
  },
  "version": 1
}
